
Microsoft Visual Studio Solution File, Format Version 12.00
# Visual Studio Version 17
VisualStudioVersion = 17.0.31903.59
MinimumVisualStudioVersion = 10.0.40219.1
Project("{2150E333-8FDC-42A3-9474-1A3956D46DE8}") = "src", "src", "{827E0CD3-B72D-47B6-A68D-7590B98EB39B}"
EndProject
Project("{FAE04EC0-301F-11D3-BF4B-00C04F79EFBC}") = "Lizerium.Localization.Core", "src\Lizerium.Localization.Core\Lizerium.Localization.Core.csproj", "{BDA7325C-19AA-4D0C-9B8E-326CD6DA258D}"
EndProject
Project("{FAE04EC0-301F-11D3-BF4B-00C04F79EFBC}") = "Lizerium.Localization.Generator", "src\Lizerium.Localization.Generator\Lizerium.Localization.Generator.csproj", "{D6B71AC7-1CBF-4588-B35A-1A9456FEF585}"
EndProject
Project("{FAE04EC0-301F-11D3-BF4B-00C04F79EFBC}") = "Lizerium.Localization.Analyzer", "src\Lizerium.Localization.Analyzer\Lizerium.Localization.Analyzer.csproj", "{B01ECE48-EE06-4FE8-BC4B-704799E3DD2F}"
EndProject
Project("{FAE04EC0-301F-11D3-BF4B-00C04F79EFBC}") = "Lizerium.Localization.GUI", "src\Lizerium.Localization.GUI\Lizerium.Localization.GUI.csproj", "{48BD1312-5D1C-42F8-936C-9D4DDA0C3ADC}"
	ProjectSection(ProjectDependencies) = postProject
		{BDA7325C-19AA-4D0C-9B8E-326CD6DA258D} = {BDA7325C-19AA-4D0C-9B8E-326CD6DA258D}
	EndProjectSection
EndProject
Project("{FAE04EC0-301F-11D3-BF4B-00C04F79EFBC}") = "WpfSampleApp", "samples\WpfSampleApp\WpfSampleApp.csproj", "{9860B984-FC88-44A8-903E-D311F9CE83DB}"
	ProjectSection(ProjectDependencies) = postProject
		{5417206B-5136-45A6-92A4-46DD555BAACF} = {5417206B-5136-45A6-92A4-46DD555BAACF}
		{B01ECE48-EE06-4FE8-BC4B-704799E3DD2F} = {B01ECE48-EE06-4FE8-BC4B-704799E3DD2F}
		{BDA7325C-19AA-4D0C-9B8E-326CD6DA258D} = {BDA7325C-19AA-4D0C-9B8E-326CD6DA258D}
		{D6B71AC7-1CBF-4588-B35A-1A9456FEF585} = {D6B71AC7-1CBF-4588-B35A-1A9456FEF585}
	EndProjectSection
EndProject
Project("{FAE04EC0-301F-11D3-BF4B-00C04F79EFBC}") = "Lizerium.Localization.Toolkit", "src\Lizerium.Localization.Toolkit\Lizerium.Localization.Toolkit.csproj", "{0E4CDB91-3F6D-4439-AE69-2403113399BA}"
	ProjectSection(ProjectDependencies) = postProject
		{5417206B-5136-45A6-92A4-46DD555BAACF} = {5417206B-5136-45A6-92A4-46DD555BAACF}
		{B01ECE48-EE06-4FE8-BC4B-704799E3DD2F} = {B01ECE48-EE06-4FE8-BC4B-704799E3DD2F}
	EndProjectSection
EndProject
Project("{FAE04EC0-301F-11D3-BF4B-00C04F79EFBC}") = "Lizerium.Localization.Ai.Analyzer", "src\Lizerium.Localization.Ai.Analyzer\Lizerium.Localization.Ai.Analyzer.csproj", "{5417206B-5136-45A6-92A4-46DD555BAACF}"
EndProject
Global
	GlobalSection(SolutionConfigurationPlatforms) = preSolution
		Debug|Any CPU = Debug|Any CPU
		Debug|x64 = Debug|x64
		Debug|x86 = Debug|x86
		Release|Any CPU = Release|Any CPU
		Release|x64 = Release|x64
		Release|x86 = Release|x86
	EndGlobalSection
	GlobalSection(ProjectConfigurationPlatforms) = postSolution
		{BDA7325C-19AA-4D0C-9B8E-326CD6DA258D}.Debug|Any CPU.ActiveCfg = Debug|Any CPU
		{BDA7325C-19AA-4D0C-9B8E-326CD6DA258D}.Debug|Any CPU.Build.0 = Debug|Any CPU
		{BDA7325C-19AA-4D0C-9B8E-326CD6DA258D}.Debug|x64.ActiveCfg = Debug|Any CPU
		{BDA7325C-19AA-4D0C-9B8E-326CD6DA258D}.Debug|x64.Build.0 = Debug|Any CPU
		{BDA7325C-19AA-4D0C-9B8E-326CD6DA258D}.Debug|x86.ActiveCfg = Debug|Any CPU
		{BDA7325C-19AA-4D0C-9B8E-326CD6DA258D}.Debug|x86.Build.0 = Debug|Any CPU
		{BDA7325C-19AA-4D0C-9B8E-326CD6DA258D}.Release|Any CPU.ActiveCfg = Release|Any CPU
		{BDA7325C-19AA-4D0C-9B8E-326CD6DA258D}.Release|Any CPU.Build.0 = Release|Any CPU
		{BDA7325C-19AA-4D0C-9B8E-326CD6DA258D}.Release|x64.ActiveCfg = Release|Any CPU
		{BDA7325C-19AA-4D0C-9B8E-326CD6DA258D}.Release|x64.Build.0 = Release|Any CPU
		{BDA7325C-19AA-4D0C-9B8E-326CD6DA258D}.Release|x86.ActiveCfg = Release|Any CPU
		{BDA7325C-19AA-4D0C-9B8E-326CD6DA258D}.Release|x86.Build.0 = Release|Any CPU
		{D6B71AC7-1CBF-4588-B35A-1A9456FEF585}.Debug|Any CPU.ActiveCfg = Debug|Any CPU
		{D6B71AC7-1CBF-4588-B35A-1A9456FEF585}.Debug|Any CPU.Build.0 = Debug|Any CPU
		{D6B71AC7-1CBF-4588-B35A-1A9456FEF585}.Debug|x64.ActiveCfg = Debug|Any CPU
		{D6B71AC7-1CBF-4588-B35A-1A9456FEF585}.Debug|x64.Build.0 = Debug|Any CPU
		{D6B71AC7-1CBF-4588-B35A-1A9456FEF585}.Debug|x86.ActiveCfg = Debug|Any CPU
		{D6B71AC7-1CBF-4588-B35A-1A9456FEF585}.Debug|x86.Build.0 = Debug|Any CPU
		{D6B71AC7-1CBF-4588-B35A-1A9456FEF585}.Release|Any CPU.ActiveCfg = Release|Any CPU
		{D6B71AC7-1CBF-4588-B35A-1A9456FEF585}.Release|Any CPU.Build.0 = Release|Any CPU
		{D6B71AC7-1CBF-4588-B35A-1A9456FEF585}.Release|x64.ActiveCfg = Release|Any CPU
		{D6B71AC7-1CBF-4588-B35A-1A9456FEF585}.Release|x64.Build.0 = Release|Any CPU
		{D6B71AC7-1CBF-4588-B35A-1A9456FEF585}.Release|x86.ActiveCfg = Release|Any CPU
		{D6B71AC7-1CBF-4588-B35A-1A9456FEF585}.Release|x86.Build.0 = Release|Any CPU
		{B01ECE48-EE06-4FE8-BC4B-704799E3DD2F}.Debug|Any CPU.ActiveCfg = Debug|Any CPU
		{B01ECE48-EE06-4FE8-BC4B-704799E3DD2F}.Debug|Any CPU.Build.0 = Debug|Any CPU
		{B01ECE48-EE06-4FE8-BC4B-704799E3DD2F}.Debug|x64.ActiveCfg = Debug|Any CPU
		{B01ECE48-EE06-4FE8-BC4B-704799E3DD2F}.Debug|x64.Build.0 = Debug|Any CPU
		{B01ECE48-EE06-4FE8-BC4B-704799E3DD2F}.Debug|x86.ActiveCfg = Debug|Any CPU
		{B01ECE48-EE06-4FE8-BC4B-704799E3DD2F}.Debug|x86.Build.0 = Debug|Any CPU
		{B01ECE48-EE06-4FE8-BC4B-704799E3DD2F}.Release|Any CPU.ActiveCfg = Release|Any CPU
		{B01ECE48-EE06-4FE8-BC4B-704799E3DD2F}.Release|Any CPU.Build.0 = Release|Any CPU
		{B01ECE48-EE06-4FE8-BC4B-704799E3DD2F}.Release|x64.ActiveCfg = Release|Any CPU
		{B01ECE48-EE06-4FE8-BC4B-704799E3DD2F}.Release|x64.Build.0 = Release|Any CPU
		{B01ECE48-EE06-4FE8-BC4B-704799E3DD2F}.Release|x86.ActiveCfg = Release|Any CPU
		{B01ECE48-EE06-4FE8-BC4B-704799E3DD2F}.Release|x86.Build.0 = Release|Any CPU
		{48BD1312-5D1C-42F8-936C-9D4DDA0C3ADC}.Debug|Any CPU.ActiveCfg = Debug|Any CPU
		{48BD1312-5D1C-42F8-936C-9D4DDA0C3ADC}.Debug|Any CPU.Build.0 = Debug|Any CPU
		{48BD1312-5D1C-42F8-936C-9D4DDA0C3ADC}.Debug|x64.ActiveCfg = Debug|Any CPU
		{48BD1312-5D1C-42F8-936C-9D4DDA0C3ADC}.Debug|x64.Build.0 = Debug|Any CPU
		{48BD1312-5D1C-42F8-936C-9D4DDA0C3ADC}.Debug|x86.ActiveCfg = Debug|Any CPU
		{48BD1312-5D1C-42F8-936C-9D4DDA0C3ADC}.Debug|x86.Build.0 = Debug|Any CPU
		{48BD1312-5D1C-42F8-936C-9D4DDA0C3ADC}.Release|Any CPU.ActiveCfg = Release|Any CPU
		{48BD1312-5D1C-42F8-936C-9D4DDA0C3ADC}.Release|Any CPU.Build.0 = Release|Any CPU
		{48BD1312-5D1C-42F8-936C-9D4DDA0C3ADC}.Release|x64.ActiveCfg = Release|Any CPU
		{48BD1312-5D1C-42F8-936C-9D4DDA0C3ADC}.Release|x64.Build.0 = Release|Any CPU
		{48BD1312-5D1C-42F8-936C-9D4DDA0C3ADC}.Release|x86.ActiveCfg = Release|Any CPU
		{48BD1312-5D1C-42F8-936C-9D4DDA0C3ADC}.Release|x86.Build.0 = Release|Any CPU
		{9860B984-FC88-44A8-903E-D311F9CE83DB}.Debug|Any CPU.ActiveCfg = Debug|Any CPU
		{9860B984-FC88-44A8-903E-D311F9CE83DB}.Debug|Any CPU.Build.0 = Debug|Any CPU
		{9860B984-FC88-44A8-903E-D311F9CE83DB}.Debug|x64.ActiveCfg = Debug|Any CPU
		{9860B984-FC88-44A8-903E-D311F9CE83DB}.Debug|x64.Build.0 = Debug|Any CPU
		{9860B984-FC88-44A8-903E-D311F9CE83DB}.Debug|x86.ActiveCfg = Debug|Any CPU
		{9860B984-FC88-44A8-903E-D311F9CE83DB}.Debug|x86.Build.0 = Debug|Any CPU
		{9860B984-FC88-44A8-903E-D311F9CE83DB}.Release|Any CPU.ActiveCfg = Release|Any CPU
		{9860B984-FC88-44A8-903E-D311F9CE83DB}.Release|Any CPU.Build.0 = Release|Any CPU
		{9860B984-FC88-44A8-903E-D311F9CE83DB}.Release|x64.ActiveCfg = Release|Any CPU
		{9860B984-FC88-44A8-903E-D311F9CE83DB}.Release|x64.Build.0 = Release|Any CPU
		{9860B984-FC88-44A8-903E-D311F9CE83DB}.Release|x86.ActiveCfg = Release|Any CPU
		{9860B984-FC88-44A8-903E-D311F9CE83DB}.Release|x86.Build.0 = Release|Any CPU
		{0E4CDB91-3F6D-4439-AE69-2403113399BA}.Debug|Any CPU.ActiveCfg = Debug|Any CPU
		{0E4CDB91-3F6D-4439-AE69-2403113399BA}.Debug|Any CPU.Build.0 = Debug|Any CPU
		{0E4CDB91-3F6D-4439-AE69-2403113399BA}.Debug|x64.ActiveCfg = Debug|Any CPU
		{0E4CDB91-3F6D-4439-AE69-2403113399BA}.Debug|x64.Build.0 = Debug|Any CPU
		{0E4CDB91-3F6D-4439-AE69-2403113399BA}.Debug|x86.ActiveCfg = Debug|Any CPU
		{0E4CDB91-3F6D-4439-AE69-2403113399BA}.Debug|x86.Build.0 = Debug|Any CPU
		{0E4CDB91-3F6D-4439-AE69-2403113399BA}.Release|Any CPU.ActiveCfg = Release|Any CPU
		{0E4CDB91-3F6D-4439-AE69-2403113399BA}.Release|Any CPU.Build.0 = Release|Any CPU
		{0E4CDB91-3F6D-4439-AE69-2403113399BA}.Release|x64.ActiveCfg = Release|Any CPU
		{0E4CDB91-3F6D-4439-AE69-2403113399BA}.Release|x64.Build.0 = Release|Any CPU
		{0E4CDB91-3F6D-4439-AE69-2403113399BA}.Release|x86.ActiveCfg = Release|Any CPU
		{0E4CDB91-3F6D-4439-AE69-2403113399BA}.Release|x86.Build.0 = Release|Any CPU
		{5417206B-5136-45A6-92A4-46DD555BAACF}.Debug|Any CPU.ActiveCfg = Debug|Any CPU
		{5417206B-5136-45A6-92A4-46DD555BAACF}.Debug|Any CPU.Build.0 = Debug|Any CPU
		{5417206B-5136-45A6-92A4-46DD555BAACF}.Debug|x64.ActiveCfg = Debug|Any CPU
		{5417206B-5136-45A6-92A4-46DD555BAACF}.Debug|x64.Build.0 = Debug|Any CPU
		{5417206B-5136-45A6-92A4-46DD555BAACF}.Debug|x86.ActiveCfg = Debug|Any CPU
		{5417206B-5136-45A6-92A4-46DD555BAACF}.Debug|x86.Build.0 = Debug|Any CPU
		{5417206B-5136-45A6-92A4-46DD555BAACF}.Release|Any CPU.ActiveCfg = Release|Any CPU
		{5417206B-5136-45A6-92A4-46DD555BAACF}.Release|Any CPU.Build.0 = Release|Any CPU
		{5417206B-5136-45A6-92A4-46DD555BAACF}.Release|x64.ActiveCfg = Release|Any CPU
		{5417206B-5136-45A6-92A4-46DD555BAACF}.Release|x64.Build.0 = Release|Any CPU
		{5417206B-5136-45A6-92A4-46DD555BAACF}.Release|x86.ActiveCfg = Release|Any CPU
		{5417206B-5136-45A6-92A4-46DD555BAACF}.Release|x86.Build.0 = Release|Any CPU
	EndGlobalSection
	GlobalSection(SolutionProperties) = preSolution
		HideSolutionNode = FALSE
	EndGlobalSection
	GlobalSection(NestedProjects) = preSolution
		{BDA7325C-19AA-4D0C-9B8E-326CD6DA258D} = {827E0CD3-B72D-47B6-A68D-7590B98EB39B}
		{D6B71AC7-1CBF-4588-B35A-1A9456FEF585} = {827E0CD3-B72D-47B6-A68D-7590B98EB39B}
		{B01ECE48-EE06-4FE8-BC4B-704799E3DD2F} = {827E0CD3-B72D-47B6-A68D-7590B98EB39B}
		{48BD1312-5D1C-42F8-936C-9D4DDA0C3ADC} = {827E0CD3-B72D-47B6-A68D-7590B98EB39B}
		{9860B984-FC88-44A8-903E-D311F9CE83DB} = {827E0CD3-B72D-47B6-A68D-7590B98EB39B}
		{0E4CDB91-3F6D-4439-AE69-2403113399BA} = {827E0CD3-B72D-47B6-A68D-7590B98EB39B}
		{5417206B-5136-45A6-92A4-46DD555BAACF} = {827E0CD3-B72D-47B6-A68D-7590B98EB39B}
	EndGlobalSection
	GlobalSection(ExtensibilityGlobals) = postSolution
		SolutionGuid = {AD54BD9C-4E2D-4E78-BDEB-68F9E27AC5BF}
	EndGlobalSection
EndGlobal
